// !$*UTF8*$!
{
	archiveVersion = 1;
	classes = {
	};
	objectVersion = 50;
	objects = {

/* Begin PBXBuildFile section */
		4C68FA7822D5845300DF023A /* AppDelegate.swift in Sources */ = {isa = PBXBuildFile; fileRef = 4C68FA7722D5845300DF023A /* AppDelegate.swift */; };
		4C68FA7A22D5845500DF023A /* Assets.xcassets in Resources */ = {isa = PBXBuildFile; fileRef = 4C68FA7922D5845500DF023A /* Assets.xcassets */; };
		4C68FA7D22D5845500DF023A /* Main.storyboard in Resources */ = {isa = PBXBuildFile; fileRef = 4C68FA7B22D5845500DF023A /* Main.storyboard */; };
		4C68FA8622D584EB00DF023A /* RenderViewController.swift in Sources */ = {isa = PBXBuildFile; fileRef = 4C68FA8522D584EB00DF023A /* RenderViewController.swift */; };
		4C68FA8822D5857B00DF023A /* RenderView.swift in Sources */ = {isa = PBXBuildFile; fileRef = 4C68FA8722D5857B00DF023A /* RenderView.swift */; };
		4C68FA8A22D5884F00DF023A /* Renderer.swift in Sources */ = {isa = PBXBuildFile; fileRef = 4C68FA8922D5884F00DF023A /* Renderer.swift */; };
		4C68FA8C22D5901F00DF023A /* DataTypes.swift in Sources */ = {isa = PBXBuildFile; fileRef = 4C68FA8B22D5901F00DF023A /* DataTypes.swift */; };
		4C68FA8E22D591CF00DF023A /* MetalKeys.swift in Sources */ = {isa = PBXBuildFile; fileRef = 4C68FA8D22D591CF00DF023A /* MetalKeys.swift */; };
		4C68FA9022D5924000DF023A /* Shaders.metal in Sources */ = {isa = PBXBuildFile; fileRef = 4C68FA8F22D5924000DF023A /* Shaders.metal */; };
/* End PBXBuildFile section */

/* Begin PBXFileReference section */
		4C68FA7422D5845300DF023A /* BrotonMapping.app */ = {isa = PBXFileReference; explicitFileType = wrapper.application; includeInIndex = 0; path = BrotonMapping.app; sourceTree = BUILT_PRODUCTS_DIR; };
		4C68FA7722D5845300DF023A /* AppDelegate.swift */ = {isa = PBXFileReference; lastKnownFileType = sourcecode.swift; path = AppDelegate.swift; sourceTree = "<group>"; };
		4C68FA7922D5845500DF023A /* Assets.xcassets */ = {isa = PBXFileReference; lastKnownFileType = folder.assetcatalog; path = Assets.xcassets; sourceTree = "<group>"; };
		4C68FA7C22D5845500DF023A /* Base */ = {isa = PBXFileReference; lastKnownFileType = file.storyboard; name = Base; path = Base.lproj/Main.storyboard; sourceTree = "<group>"; };
		4C68FA7E22D5845500DF023A /* Info.plist */ = {isa = PBXFileReference; lastKnownFileType = text.plist.xml; path = Info.plist; sourceTree = "<group>"; };
		4C68FA7F22D5845500DF023A /* BrotonMapping.entitlements */ = {isa = PBXFileReference; lastKnownFileType = text.plist.entitlements; path = BrotonMapping.entitlements; sourceTree = "<group>"; };
		4C68FA8522D584EB00DF023A /* RenderViewController.swift */ = {isa = PBXFileReference; lastKnownFileType = sourcecode.swift; path = RenderViewController.swift; sourceTree = "<group>"; };
		4C68FA8722D5857B00DF023A /* RenderView.swift */ = {isa = PBXFileReference; lastKnownFileType = sourcecode.swift; path = RenderView.swift; sourceTree = "<group>"; };
		4C68FA8922D5884F00DF023A /* Renderer.swift */ = {isa = PBXFileReference; lastKnownFileType = sourcecode.swift; path = Renderer.swift; sourceTree = "<group>"; };
		4C68FA8B22D5901F00DF023A /* DataTypes.swift */ = {isa = PBXFileReference; lastKnownFileType = sourcecode.swift; path = DataTypes.swift; sourceTree = "<group>"; };
		4C68FA8D22D591CF00DF023A /* MetalKeys.swift */ = {isa = PBXFileReference; fileEncoding = 4; lastKnownFileType = sourcecode.swift; path = MetalKeys.swift; sourceTree = "<group>"; };
		4C68FA8F22D5924000DF023A /* Shaders.metal */ = {isa = PBXFileReference; lastKnownFileType = sourcecode.metal; path = Shaders.metal; sourceTree = "<group>"; };
/* End PBXFileReference section */

/* Begin PBXFrameworksBuildPhase section */
		4C68FA7122D5845300DF023A /* Frameworks */ = {
			isa = PBXFrameworksBuildPhase;
			buildActionMask = 2147483647;
			files = (
			);
			runOnlyForDeploymentPostprocessing = 0;
		};
/* End PBXFrameworksBuildPhase section */

/* Begin PBXGroup section */
		4C68FA6B22D5845300DF023A = {
			isa = PBXGroup;
			children = (
				4C68FA7622D5845300DF023A /* BrotonMapping */,
				4C68FA7522D5845300DF023A /* Products */,
			);
			sourceTree = "<group>";
		};
		4C68FA7522D5845300DF023A /* Products */ = {
			isa = PBXGroup;
			children = (
				4C68FA7422D5845300DF023A /* BrotonMapping.app */,
			);
			name = Products;
			sourceTree = "<group>";
		};
		4C68FA7622D5845300DF023A /* BrotonMapping */ = {
			isa = PBXGroup;
			children = (
				4C68FA7722D5845300DF023A /* AppDelegate.swift */,
				4C68FA7922D5845500DF023A /* Assets.xcassets */,
				4C68FA7B22D5845500DF023A /* Main.storyboard */,
				4C68FA8722D5857B00DF023A /* RenderView.swift */,
				4C68FA8922D5884F00DF023A /* Renderer.swift */,
				4C68FA8F22D5924000DF023A /* Shaders.metal */,
				4C68FA8D22D591CF00DF023A /* MetalKeys.swift */,
				4C68FA8B22D5901F00DF023A /* DataTypes.swift */,
				4C68FA8522D584EB00DF023A /* RenderViewController.swift */,
				4C68FA7E22D5845500DF023A /* Info.plist */,
				4C68FA7F22D5845500DF023A /* BrotonMapping.entitlements */,
			);
			path = BrotonMapping;
			sourceTree = "<group>";
		};
/* End PBXGroup section */

/* Begin PBXNativeTarget section */
		4C68FA7322D5845300DF023A /* BrotonMapping */ = {
			isa = PBXNativeTarget;
			buildConfigurationList = 4C68FA8222D5845500DF023A /* Build configuration list for PBXNativeTarget "BrotonMapping" */;
			buildPhases = (
				4C68FA7022D5845300DF023A /* Sources */,
				4C68FA7122D5845300DF023A /* Frameworks */,
				4C68FA7222D5845300DF023A /* Resources */,
			);
			buildRules = (
			);
			dependencies = (
			);
			name = BrotonMapping;
			productName = BrotonMapping;
			productReference = 4C68FA7422D5845300DF023A /* BrotonMapping.app */;
			productType = "com.apple.product-type.application";
		};
/* End PBXNativeTarget section */

/* Begin PBXProject section */
		4C68FA6C22D5845300DF023A /* Project object */ = {
			isa = PBXProject;
			attributes = {
				LastSwiftUpdateCheck = 1100;
				LastUpgradeCheck = 1100;
				ORGANIZATIONNAME = "Michael Kelly";
				TargetAttributes = {
					4C68FA7322D5845300DF023A = {
						CreatedOnToolsVersion = 11.0;
					};
				};
			};
			buildConfigurationList = 4C68FA6F22D5845300DF023A /* Build configuration list for PBXProject "BrotonMapping" */;
			compatibilityVersion = "Xcode 9.3";
			developmentRegion = en;
			hasScannedForEncodings = 0;
			knownRegions = (
				en,
				Base,
			);
			mainGroup = 4C68FA6B22D5845300DF023A;
			productRefGroup = 4C68FA7522D5845300DF023A /* Products */;
			projectDirPath = "";
			projectRoot = "";
			targets = (
				4C68FA7322D5845300DF023A /* BrotonMapping */,
			);
		};
/* End PBXProject section */

/* Begin PBXResourcesBuildPhase section */
		4C68FA7222D5845300DF023A /* Resources */ = {
			isa = PBXResourcesBuildPhase;
			buildActionMask = 2147483647;
			files = (
				4C68FA7A22D5845500DF023A /* Assets.xcassets in Resources */,
				4C68FA7D22D5845500DF023A /* Main.storyboard in Resources */,
			);
			runOnlyForDeploymentPostprocessing = 0;
		};
/* End PBXResourcesBuildPhase section */

/* Begin PBXSourcesBuildPhase section */
		4C68FA7022D5845300DF023A /* Sources */ = {
			isa = PBXSourcesBuildPhase;
			buildActionMask = 2147483647;
			files = (
				4C68FA8A22D5884F00DF023A /* Renderer.swift in Sources */,
				4C68FA8E22D591CF00DF023A /* MetalKeys.swift in Sources */,
				4C68FA8622D584EB00DF023A /* RenderViewController.swift in Sources */,
				4C68FA7822D5845300DF023A /* AppDelegate.swift in Sources */,
				4C68FA8C22D5901F00DF023A /* DataTypes.swift in Sources */,
				4C68FA8822D5857B00DF023A /* RenderView.swift in Sources */,
				4C68FA9022D5924000DF023A /* Shaders.metal in Sources */,
			);
			runOnlyForDeploymentPostprocessing = 0;
		};
/* End PBXSourcesBuildPhase section */

/* Begin PBXVariantGroup section */
		4C68FA7B22D5845500DF023A /* Main.storyboard */ = {
			isa = PBXVariantGroup;
			children = (
				4C68FA7C22D5845500DF023A /* Base */,
			);
			name = Main.storyboard;
			sourceTree = "<group>";
		};
/* End PBXVariantGroup section */

/* Begin XCBuildConfiguration section */
		4C68FA8022D5845500DF023A /* Debug */ = {
			isa = XCBuildConfiguration;
			buildSettings = {
				ALWAYS_SEARCH_USER_PATHS = NO;
				CLANG_ANALYZER_NONNULL = YES;
				CLANG_ANALYZER_NUMBER_OBJECT_CONVERSION = YES_AGGRESSIVE;
				CLANG_CXX_LANGUAGE_STANDARD = "gnu++14";
				CLANG_CXX_LIBRARY = "libc++";
				CLANG_ENABLE_MODULES = YES;
				CLANG_ENABLE_OBJC_ARC = YES;
				CLANG_ENABLE_OBJC_WEAK = YES;
				CLANG_WARN_BLOCK_CAPTURE_AUTORELEASING = YES;
				CLANG_WARN_BOOL_CONVERSION = YES;
				CLANG_WARN_COMMA = YES;
				CLANG_WARN_CONSTANT_CONVERSION = YES;
				CLANG_WARN_DEPRECATED_OBJC_IMPLEMENTATIONS = YES;
				CLANG_WARN_DIRECT_OBJC_ISA_USAGE = YES_ERROR;
				CLANG_WARN_DOCUMENTATION_COMMENTS = YES;
				CLANG_WARN_EMPTY_BODY = YES;
				CLANG_WARN_ENUM_CONVERSION = YES;
				CLANG_WARN_INFINITE_RECURSION = YES;
				CLANG_WARN_INT_CONVERSION = YES;
				CLANG_WARN_NON_LITERAL_NULL_CONVERSION = YES;
				CLANG_WARN_OBJC_IMPLICIT_RETAIN_SELF = YES;
				CLANG_WARN_OBJC_LITERAL_CONVERSION = YES;
				CLANG_WARN_OBJC_ROOT_CLASS = YES_ERROR;
				CLANG_WARN_RANGE_LOOP_ANALYSIS = YES;
				CLANG_WARN_STRICT_PROTOTYPES = YES;
				CLANG_WARN_SUSPICIOUS_MOVE = YES;
				CLANG_WARN_UNGUARDED_AVAILABILITY = YES_AGGRESSIVE;
				CLANG_WARN_UNREACHABLE_CODE = YES;
				CLANG_WARN__DUPLICATE_METHOD_MATCH = YES;
				COPY_PHASE_STRIP = NO;
				DEBUG_INFORMATION_FORMAT = dwarf;
				ENABLE_STRICT_OBJC_MSGSEND = YES;
				ENABLE_TESTABILITY = YES;
				GCC_C_LANGUAGE_STANDARD = gnu11;
				GCC_DYNAMIC_NO_PIC = NO;
				GCC_NO_COMMON_BLOCKS = YES;
				GCC_OPTIMIZATION_LEVEL = 0;
				GCC_PREPROCESSOR_DEFINITIONS = (
					"DEBUG=1",
					"$(inherited)",
				);
				GCC_WARN_64_TO_32_BIT_CONVERSION = YES;
				GCC_WARN_ABOUT_RETURN_TYPE = YES_ERROR;
				GCC_WARN_UNDECLARED_SELECTOR = YES;
				GCC_WARN_UNINITIALIZED_AUTOS = YES_AGGRESSIVE;
				GCC_WARN_UNUSED_FUNCTION = YES;
				GCC_WARN_UNUSED_VARIABLE = YES;
				MACOSX_DEPLOYMENT_TARGET = 10.15;
				MTL_ENABLE_DEBUG_INFO = INCLUDE_SOURCE;
				MTL_FAST_MATH = YES;
				ONLY_ACTIVE_ARCH = YES;
				SDKROOT = macosx;
				SWIFT_ACTIVE_COMPILATION_CONDITIONS = DEBUG;
				SWIFT_OPTIMIZATION_LEVEL = "-Onone";
			};
			name = Debug;
		};
		4C68FA8122D5845500DF023A /* Release */ = {
			isa = XCBuildConfiguration;
			buildSettings = {
				ALWAYS_SEARCH_USER_PATHS = NO;
				CLANG_ANALYZER_NONNULL = YES;
				CLANG_ANALYZER_NUMBER_OBJECT_CONVERSION = YES_AGGRESSIVE;
				CLANG_CXX_LANGUAGE_STANDARD = "gnu++14";
				CLANG_CXX_LIBRARY = "libc++";
				CLANG_ENABLE_MODULES = YES;
				CLANG_ENABLE_OBJC_ARC = YES;
				CLANG_ENABLE_OBJC_WEAK = YES;
				CLANG_WARN_BLOCK_CAPTURE_AUTORELEASING = YES;
				CLANG_WARN_BOOL_CONVERSION = YES;
				CLANG_WARN_COMMA = YES;
				CLANG_WARN_CONSTANT_CONVERSION = YES;
				CLANG_WARN_DEPRECATED_OBJC_IMPLEMENTATIONS = YES;
				CLANG_WARN_DIRECT_OBJC_ISA_USAGE = YES_ERROR;
				CLANG_WARN_DOCUMENTATION_COMMENTS = YES;
				CLANG_WARN_EMPTY_BODY = YES;
				CLANG_WARN_ENUM_CONVERSION = YES;
				CLANG_WARN_INFINITE_RECURSION = YES;
				CLANG_WARN_INT_CONVERSION = YES;
				CLANG_WARN_NON_LITERAL_NULL_CONVERSION = YES;
				CLANG_WARN_OBJC_IMPLICIT_RETAIN_SELF = YES;
				CLANG_WARN_OBJC_LITERAL_CONVERSION = YES;
				CLANG_WARN_OBJC_ROOT_CLASS = YES_ERROR;
				CLANG_WARN_RANGE_LOOP_ANALYSIS = YES;
				CLANG_WARN_STRICT_PROTOTYPES = YES;
				CLANG_WARN_SUSPICIOUS_MOVE = YES;
				CLANG_WARN_UNGUARDED_AVAILABILITY = YES_AGGRESSIVE;
				CLANG_WARN_UNREACHABLE_CODE = YES;
				CLANG_WARN__DUPLICATE_METHOD_MATCH = YES;
				COPY_PHASE_STRIP = NO;
				DEBUG_INFORMATION_FORMAT = "dwarf-with-dsym";
				ENABLE_NS_ASSERTIONS = NO;
				ENABLE_STRICT_OBJC_MSGSEND = YES;
				GCC_C_LANGUAGE_STANDARD = gnu11;
				GCC_NO_COMMON_BLOCKS = YES;
				GCC_WARN_64_TO_32_BIT_CONVERSION = YES;
				GCC_WARN_ABOUT_RETURN_TYPE = YES_ERROR;
				GCC_WARN_UNDECLARED_SELECTOR = YES;
				GCC_WARN_UNINITIALIZED_AUTOS = YES_AGGRESSIVE;
				GCC_WARN_UNUSED_FUNCTION = YES;
				GCC_WARN_UNUSED_VARIABLE = YES;
				MACOSX_DEPLOYMENT_TARGET = 10.15;
				MTL_ENABLE_DEBUG_INFO = NO;
				MTL_FAST_MATH = YES;
				SDKROOT = macosx;
				SWIFT_COMPILATION_MODE = wholemodule;
				SWIFT_OPTIMIZATION_LEVEL = "-O";
			};
			name = Release;
		};
		4C68FA8322D5845500DF023A /* Debug */ = {
			isa = XCBuildConfiguration;
			buildSettings = {
				ASSETCATALOG_COMPILER_APPICON_NAME = AppIcon;
				CODE_SIGN_ENTITLEMENTS = BrotonMapping/BrotonMapping.entitlements;
				CODE_SIGN_STYLE = Automatic;
				COMBINE_HIDPI_IMAGES = YES;
				DEVELOPMENT_TEAM = 3U7CP36467;
				ENABLE_HARDENED_RUNTIME = YES;
				INFOPLIST_FILE = BrotonMapping/Info.plist;
				LD_RUNPATH_SEARCH_PATHS = (
					"$(inherited)",
					"@executable_path/../Frameworks",
				);
				PRODUCT_BUNDLE_IDENTIFIER = MKelly.BrotonMapping;
				PRODUCT_NAME = "$(TARGET_NAME)";
				SWIFT_VERSION = 5.0;
			};
			name = Debug;
		};
		4C68FA8422D5845500DF023A /* Release */ = {
			isa = XCBuildConfiguration;
			buildSettings = {
				ASSETCATALOG_COMPILER_APPICON_NAME = AppIcon;
				CODE_SIGN_ENTITLEMENTS = BrotonMapping/BrotonMapping.entitlements;
				CODE_SIGN_STYLE = Automatic;
				COMBINE_HIDPI_IMAGES = YES;
				DEVELOPMENT_TEAM = 3U7CP36467;
				ENABLE_HARDENED_RUNTIME = YES;
				INFOPLIST_FILE = BrotonMapping/Info.plist;
				LD_RUNPATH_SEARCH_PATHS = (
					"$(inherited)",
					"@executable_path/../Frameworks",
				);
				PRODUCT_BUNDLE_IDENTIFIER = MKelly.BrotonMapping;
				PRODUCT_NAME = "$(TARGET_NAME)";
				SWIFT_VERSION = 5.0;
			};
			name = Release;
		};
/* End XCBuildConfiguration section */

/* Begin XCConfigurationList section */
		4C68FA6F22D5845300DF023A /* Build configuration list for PBXProject "BrotonMapping" */ = {
			isa = XCConfigurationList;
			buildConfigurations = (
				4C68FA8022D5845500DF023A /* Debug */,
				4C68FA8122D5845500DF023A /* Release */,
			);
			defaultConfigurationIsVisible = 0;
			defaultConfigurationName = Release;
		};
		4C68FA8222D5845500DF023A /* Build configuration list for PBXNativeTarget "BrotonMapping" */ = {
			isa = XCConfigurationList;
			buildConfigurations = (
				4C68FA8322D5845500DF023A /* Debug */,
				4C68FA8422D5845500DF023A /* Release */,
			);
			defaultConfigurationIsVisible = 0;
			defaultConfigurationName = Release;
		};
/* End XCConfigurationList section */
	};
	rootObject = 4C68FA6C22D5845300DF023A /* Project object */;
}
